
Microsoft Visual Studio Solution File, Format Version 12.00
# Visual Studio Version 17
VisualStudioVersion = 17.7.34031.279
MinimumVisualStudioVersion = 10.0.40219.1
Project("{9A19103F-16F7-4668-BE54-9A1E7A4F7556}") = "Stage0", "Stage0\Stage0.csproj", "{2ABABCE8-C8D9-45BF-A2AD-4E1B44F513F8}"
EndProject
Project("{2150E333-8FDC-42A3-9474-1A3956D46DE8}") = "Solution Items", "Solution Items", "{684EB02B-9274-4EA2-9DBB-D3326977089B}"
	ProjectSection(SolutionItems) = preProject
		..\.gitignore = ..\.gitignore
		..\README.md = ..\README.md
	EndProjectSection
EndProject
Project("{9A19103F-16F7-4668-BE54-9A1E7A4F7556}") = "DalFacade", "DalFacade\DalFacade.csproj", "{29678632-D3DD-4B75-B4B0-5D798F378CE2}"
EndProject
Project("{9A19103F-16F7-4668-BE54-9A1E7A4F7556}") = "DalList", "DalList\DalList.csproj", "{D5B56275-AA97-4A64-B96B-E81AFB152812}"
EndProject
Project("{9A19103F-16F7-4668-BE54-9A1E7A4F7556}") = "DalTest", "DalTest\DalTest.csproj", "{B31530BE-8F26-46DF-9314-F98AFB02D44F}"
EndProject
Project("{9A19103F-16F7-4668-BE54-9A1E7A4F7556}") = "DalXml", "DalXml\DalXml.csproj", "{53A3B730-57D4-4514-A049-015C386C3695}"
EndProject
Project("{2150E333-8FDC-42A3-9474-1A3956D46DE8}") = "xml", "xml", "{CA864883-88FD-437B-BDC5-50103A44E98A}"
	ProjectSection(SolutionItems) = preProject
		xml\dal-config.xml = xml\dal-config.xml
		xml\data-config.xml = xml\data-config.xml
		xml\dependencys.xml = xml\dependencys.xml
		xml\engineers.xml = xml\engineers.xml
		xml\tasks.xml = xml\tasks.xml
	EndProjectSection
EndProject
Project("{FAE04EC0-301F-11D3-BF4B-00C04F79EFBC}") = "BL", "BL\BL.csproj", "{7DE9FA9B-AB61-4EA7-93DB-C499046B7E90}"
EndProject
Project("{FAE04EC0-301F-11D3-BF4B-00C04F79EFBC}") = "BlTest", "BlTest\BlTest.csproj", "{305182A2-7756-410C-9A3A-5353773CA349}"
EndProject
Global
	GlobalSection(SolutionConfigurationPlatforms) = preSolution
		Debug|Any CPU = Debug|Any CPU
		Release|Any CPU = Release|Any CPU
	EndGlobalSection
	GlobalSection(ProjectConfigurationPlatforms) = postSolution
		{2ABABCE8-C8D9-45BF-A2AD-4E1B44F513F8}.Debug|Any CPU.ActiveCfg = Debug|Any CPU
		{2ABABCE8-C8D9-45BF-A2AD-4E1B44F513F8}.Debug|Any CPU.Build.0 = Debug|Any CPU
		{2ABABCE8-C8D9-45BF-A2AD-4E1B44F513F8}.Release|Any CPU.ActiveCfg = Release|Any CPU
		{2ABABCE8-C8D9-45BF-A2AD-4E1B44F513F8}.Release|Any CPU.Build.0 = Release|Any CPU
		{29678632-D3DD-4B75-B4B0-5D798F378CE2}.Debug|Any CPU.ActiveCfg = Debug|Any CPU
		{29678632-D3DD-4B75-B4B0-5D798F378CE2}.Debug|Any CPU.Build.0 = Debug|Any CPU
		{29678632-D3DD-4B75-B4B0-5D798F378CE2}.Release|Any CPU.ActiveCfg = Release|Any CPU
		{29678632-D3DD-4B75-B4B0-5D798F378CE2}.Release|Any CPU.Build.0 = Release|Any CPU
		{D5B56275-AA97-4A64-B96B-E81AFB152812}.Debug|Any CPU.ActiveCfg = Debug|Any CPU
		{D5B56275-AA97-4A64-B96B-E81AFB152812}.Debug|Any CPU.Build.0 = Debug|Any CPU
		{D5B56275-AA97-4A64-B96B-E81AFB152812}.Release|Any CPU.ActiveCfg = Release|Any CPU
		{D5B56275-AA97-4A64-B96B-E81AFB152812}.Release|Any CPU.Build.0 = Release|Any CPU
		{B31530BE-8F26-46DF-9314-F98AFB02D44F}.Debug|Any CPU.ActiveCfg = Debug|Any CPU
		{B31530BE-8F26-46DF-9314-F98AFB02D44F}.Debug|Any CPU.Build.0 = Debug|Any CPU
		{B31530BE-8F26-46DF-9314-F98AFB02D44F}.Release|Any CPU.ActiveCfg = Release|Any CPU
		{B31530BE-8F26-46DF-9314-F98AFB02D44F}.Release|Any CPU.Build.0 = Release|Any CPU
		{53A3B730-57D4-4514-A049-015C386C3695}.Debug|Any CPU.ActiveCfg = Debug|Any CPU
		{53A3B730-57D4-4514-A049-015C386C3695}.Debug|Any CPU.Build.0 = Debug|Any CPU
		{53A3B730-57D4-4514-A049-015C386C3695}.Release|Any CPU.ActiveCfg = Release|Any CPU
		{53A3B730-57D4-4514-A049-015C386C3695}.Release|Any CPU.Build.0 = Release|Any CPU
		{7DE9FA9B-AB61-4EA7-93DB-C499046B7E90}.Debug|Any CPU.ActiveCfg = Debug|Any CPU
		{7DE9FA9B-AB61-4EA7-93DB-C499046B7E90}.Debug|Any CPU.Build.0 = Debug|Any CPU
		{7DE9FA9B-AB61-4EA7-93DB-C499046B7E90}.Release|Any CPU.ActiveCfg = Release|Any CPU
		{7DE9FA9B-AB61-4EA7-93DB-C499046B7E90}.Release|Any CPU.Build.0 = Release|Any CPU
		{305182A2-7756-410C-9A3A-5353773CA349}.Debug|Any CPU.ActiveCfg = Debug|Any CPU
		{305182A2-7756-410C-9A3A-5353773CA349}.Debug|Any CPU.Build.0 = Debug|Any CPU
		{305182A2-7756-410C-9A3A-5353773CA349}.Release|Any CPU.ActiveCfg = Release|Any CPU
		{305182A2-7756-410C-9A3A-5353773CA349}.Release|Any CPU.Build.0 = Release|Any CPU
	EndGlobalSection
	GlobalSection(SolutionProperties) = preSolution
		HideSolutionNode = FALSE
	EndGlobalSection
	GlobalSection(ExtensibilityGlobals) = postSolution
		SolutionGuid = {7145C688-C796-4354-BC54-E340C3DC0658}
	EndGlobalSection
EndGlobal
